
Microsoft Visual Studio Solution File, Format Version 12.00
# Visual Studio Version 17
VisualStudioVersion = 17.7.34031.279
MinimumVisualStudioVersion = 10.0.40219.1
Project("{FAE04EC0-301F-11D3-BF4B-00C04F79EFBC}") = "TaskP", "TaskP.csproj", "{0D0A21B6-2BB5-43EA-BDA8-8B50BD9CD6C7}"
EndProject
Global
	GlobalSection(SolutionConfigurationPlatforms) = preSolution
		Debug|Any CPU = Debug|Any CPU
		Release|Any CPU = Release|Any CPU
	EndGlobalSection
	GlobalSection(ProjectConfigurationPlatforms) = postSolution
		{0D0A21B6-2BB5-43EA-BDA8-8B50BD9CD6C7}.Debug|Any CPU.ActiveCfg = Debug|Any CPU
		{0D0A21B6-2BB5-43EA-BDA8-8B50BD9CD6C7}.Debug|Any CPU.Build.0 = Debug|Any CPU
		{0D0A21B6-2BB5-43EA-BDA8-8B50BD9CD6C7}.Release|Any CPU.ActiveCfg = Release|Any CPU
		{0D0A21B6-2BB5-43EA-BDA8-8B50BD9CD6C7}.Release|Any CPU.Build.0 = Release|Any CPU
	EndGlobalSection
	GlobalSection(SolutionProperties) = preSolution
		HideSolutionNode = FALSE
	EndGlobalSection
	GlobalSection(ExtensibilityGlobals) = postSolution
		SolutionGuid = {E7345DA7-1FA2-417E-A984-E3952470B2F6}
	EndGlobalSection
EndGlobal
